{
  "version": 4,
  "terraform_version": "1.4.6",
  "serial": 57,
  "lineage": "b6be72c4-7346-0734-02e9-69c1766ba5ed",
  "outputs": {},
  "resources": [
    {
      "mode": "managed",
      "type": "yandex_compute_disk",
      "name": "airflowdisk",
      "provider": "provider[\"registry.terraform.io/yandex-cloud/yandex\"]",
      "instances": [
        {
          "schema_version": 0,
          "attributes": {
            "allow_recreate": null,
            "block_size": 4096,
            "created_at": "2024-05-12T09:19:43Z",
            "description": "",
            "disk_placement_policy": [
              {
                "disk_placement_group_id": ""
              }
            ],
            "folder_id": "b1g9aj561n6a8dr74jj8",
            "id": "fhmgn7eh8skdqo0b93m3",
            "image_id": "fd8829m2l6d5lu2qip10",
            "labels": {},
            "name": "",
            "product_ids": [
              "f2e8bp6vamg64oi1u0ou",
              "f2epkmusmnnkrb9m1vtr"
            ],
            "size": 16,
            "snapshot_id": "",
            "status": "ready",
            "timeouts": null,
            "type": "network-ssd",
            "zone": "ru-central1-a"
          },
          "sensitive_attributes": [],
          "private": "eyJlMmJmYjczMC1lY2FhLTExZTYtOGY4OC0zNDM2M2JjN2M0YzAiOnsiY3JlYXRlIjozMDAwMDAwMDAwMDAsImRlbGV0ZSI6MzAwMDAwMDAwMDAwLCJ1cGRhdGUiOjMwMDAwMDAwMDAwMH19"
        }
      ]
    },
    {
      "mode": "managed",
      "type": "yandex_compute_instance",
      "name": "airflow-vm",
      "provider": "provider[\"registry.terraform.io/yandex-cloud/yandex\"]",
      "instances": [
        {
          "schema_version": 1,
          "attributes": {
            "allow_recreate": null,
            "allow_stopping_for_update": null,
            "boot_disk": [
              {
                "auto_delete": true,
                "device_name": "fhmgn7eh8skdqo0b93m3",
                "disk_id": "fhmgn7eh8skdqo0b93m3",
                "initialize_params": [
                  {
                    "block_size": 4096,
                    "description": "",
                    "image_id": "fd8829m2l6d5lu2qip10",
                    "name": "",
                    "size": 16,
                    "snapshot_id": "",
                    "type": "network-ssd"
                  }
                ],
                "mode": "READ_WRITE"
              }
            ],
            "created_at": "2024-05-12T09:19:56Z",
            "description": "",
            "filesystem": [],
            "folder_id": "b1g9aj561n6a8dr74jj8",
            "fqdn": "fhml893ld7hm7cd67cv6.auto.internal",
            "gpu_cluster_id": "",
            "hostname": "",
            "id": "fhml893ld7hm7cd67cv6",
            "labels": {},
            "local_disk": [],
            "maintenance_grace_period": "",
            "maintenance_policy": null,
            "metadata": {
              "enable-oslogin": "true",
              "serial-port-enable": "1",
              "ssh-keys": "ubuntu:ssh-rsa AAAAB3NzaC1yc2EAAAADAQABAAABgQC1g2IZub/uPCBz2dmRYjXboRjMZb39SBgWunZGisyq2rvdqHF1NUBpxdjS97DPF86ZzANaHH+ID34UukQ9bqONSC9EZNYPdHx8e7QfHONWCUIc4s62VJE8MYjsS03SD+98flw0vGYEP1k0FixLktpIAVi/GoiWZwvPUwWy2enN7OtBdLLgOKVlIeqC8yDSNfU+wuxiQRPLfTt+wT6MuI8AdR8ciOdfYQfKRXKhi9dVNJ+/U1zu7hUpzWlZyUWJVrSISkHbbhGd6MiNvYn/2NUI3Ewj7WY4/Jv4qa5KBAAyVBgBFGYQcGRw2XoBm/SkBE/K+/mTtq7S58V2BPuyPJAbgZlEhlInc2EF7g1fR6J7Znw6SOeKM2YuNfjCrI1FXFepnSR9+NBRZzbI0rdyiGhPISF2NQLaI7zMsWT6wbQOKv2xdz9HIPT8S+FYzRdbbr0giO18Gll9Xc2PbZjU1DUqo5YrXkQS7P/cky+TBuMK5y8pV3aDMutvaZUA/R4H6T8= root@codespaces-3f6002\n"
            },
            "metadata_options": [
              {
                "aws_v1_http_endpoint": 1,
                "aws_v1_http_token": 2,
                "gce_http_endpoint": 1,
                "gce_http_token": 1
              }
            ],
            "name": "airflowvm",
            "network_acceleration_type": "standard",
            "network_interface": [
              {
                "dns_record": [],
                "index": 0,
                "ip_address": "10.2.0.3",
                "ipv4": true,
                "ipv6": false,
                "ipv6_address": "",
                "ipv6_dns_record": [],
                "mac_address": "d0:0d:15:42:47:56",
                "nat": true,
                "nat_dns_record": [],
                "nat_ip_address": "158.160.109.136",
                "nat_ip_version": "IPV4",
                "security_group_ids": [
                  "enp2stlqe91s8erqh6o5"
                ],
                "subnet_id": "e9bak36457doa8q5gais"
              }
            ],
            "placement_policy": [
              {
                "host_affinity_rules": [],
                "placement_group_id": "",
                "placement_group_partition": 0
              }
            ],
            "platform_id": "standard-v1",
            "resources": [
              {
                "core_fraction": 100,
                "cores": 2,
                "gpus": 0,
                "memory": 4
              }
            ],
            "scheduling_policy": [
              {
                "preemptible": false
              }
            ],
            "secondary_disk": [],
            "service_account_id": "",
            "status": "running",
            "timeouts": null,
            "zone": "ru-central1-a"
          },
          "sensitive_attributes": [],
          "private": "eyJlMmJmYjczMC1lY2FhLTExZTYtOGY4OC0zNDM2M2JjN2M0YzAiOnsiY3JlYXRlIjozMDAwMDAwMDAwMDAsImRlbGV0ZSI6MzAwMDAwMDAwMDAwLCJ1cGRhdGUiOjMwMDAwMDAwMDAwMH0sInNjaGVtYV92ZXJzaW9uIjoiMSJ9",
          "dependencies": [
            "yandex_compute_disk.airflowdisk",
            "yandex_vpc_network.otus-lab",
            "yandex_vpc_security_group.airflow-sg",
            "yandex_vpc_subnet.otus-lab-subnet-a"
          ]
        }
      ]
    },
    {
      "mode": "managed",
      "type": "yandex_mdb_postgresql_cluster",
      "name": "otus-lab-db-cluster",
      "provider": "provider[\"registry.terraform.io/yandex-cloud/yandex\"]",
      "instances": [
        {
          "schema_version": 0,
          "attributes": {
            "config": [
              {
                "access": [
                  {
                    "data_lens": false,
                    "data_transfer": false,
                    "serverless": false,
                    "web_sql": false
                  }
                ],
                "autofailover": true,
                "backup_retain_period_days": 7,
                "backup_window_start": [
                  {
                    "hours": 0,
                    "minutes": 0
                  }
                ],
                "disk_size_autoscaling": [
                  {
                    "disk_size_limit": 0,
                    "emergency_usage_threshold": 0,
                    "planned_usage_threshold": 0
                  }
                ],
                "performance_diagnostics": [
                  {
                    "enabled": false,
                    "sessions_sampling_interval": 60,
                    "statements_sampling_interval": 600
                  }
                ],
                "pooler_config": [],
                "postgresql_config": {
                  "password_encryption": "0",
                  "shared_preload_libraries": ""
                },
                "resources": [
                  {
                    "disk_size": 16,
                    "disk_type_id": "network-ssd",
                    "resource_preset_id": "s2.micro"
                  }
                ],
                "version": "15"
              }
            ],
            "created_at": "2024-05-12T09:02:16Z",
            "database": [],
            "deletion_protection": false,
            "description": "",
            "environment": "PRESTABLE",
            "folder_id": "b1g9aj561n6a8dr74jj8",
            "health": "ALIVE",
            "host": [
              {
                "assign_public_ip": false,
                "fqdn": "rc1a-3hidusiqgw9fp410.mdb.yandexcloud.net",
                "name": "",
                "priority": 0,
                "replication_source": "",
                "replication_source_name": "",
                "role": "MASTER",
                "subnet_id": "e9bak36457doa8q5gais",
                "zone": "ru-central1-a"
              }
            ],
            "host_group_ids": [],
            "host_master_name": "",
            "id": "c9qfo1i1u9va5u1tbit9",
            "labels": {},
            "maintenance_window": [
              {
                "day": "",
                "hour": 0,
                "type": "ANYTIME"
              }
            ],
            "name": "lesson10",
            "network_id": "enp4ke7ar24p1luaepo2",
            "restore": [],
            "security_group_ids": [
              "enpkreq2koflj1s0flhn"
            ],
            "status": "RUNNING",
            "timeouts": null,
            "user": []
          },
          "sensitive_attributes": [],
          "private": "eyJlMmJmYjczMC1lY2FhLTExZTYtOGY4OC0zNDM2M2JjN2M0YzAiOnsiY3JlYXRlIjoxODAwMDAwMDAwMDAwLCJkZWxldGUiOjkwMDAwMDAwMDAwMCwidXBkYXRlIjozNjAwMDAwMDAwMDAwfX0=",
          "dependencies": [
            "yandex_vpc_network.otus-lab",
            "yandex_vpc_security_group.airflow-sg",
            "yandex_vpc_security_group.db-sg",
            "yandex_vpc_subnet.otus-lab-subnet-a"
          ]
        }
      ]
    },
    {
      "mode": "managed",
      "type": "yandex_mdb_postgresql_database",
      "name": "lesson10",
      "provider": "provider[\"registry.terraform.io/yandex-cloud/yandex\"]",
      "instances": [
        {
          "schema_version": 0,
          "attributes": {
            "cluster_id": "c9qfo1i1u9va5u1tbit9",
            "deletion_protection": "unspecified",
            "extension": [
              {
                "name": "uuid-ossp",
                "version": ""
              }
            ],
            "id": "c9qfo1i1u9va5u1tbit9:lesson10",
            "lc_collate": "en_US.UTF-8",
            "lc_type": "en_US.UTF-8",
            "name": "lesson10",
            "owner": "user",
            "template_db": "",
            "timeouts": null
          },
          "sensitive_attributes": [],
          "private": "eyJlMmJmYjczMC1lY2FhLTExZTYtOGY4OC0zNDM2M2JjN2M0YzAiOnsiY3JlYXRlIjo2MDAwMDAwMDAwMDAsImRlbGV0ZSI6NjAwMDAwMDAwMDAwLCJyZWFkIjo2MDAwMDAwMDAwMCwidXBkYXRlIjo2MDAwMDAwMDAwMDB9fQ==",
          "dependencies": [
            "yandex_mdb_postgresql_cluster.otus-lab-db-cluster",
            "yandex_mdb_postgresql_user.user",
            "yandex_vpc_network.otus-lab",
            "yandex_vpc_security_group.airflow-sg",
            "yandex_vpc_security_group.db-sg",
            "yandex_vpc_subnet.otus-lab-subnet-a"
          ]
        }
      ]
    },
    {
      "mode": "managed",
      "type": "yandex_mdb_postgresql_user",
      "name": "user",
      "provider": "provider[\"registry.terraform.io/yandex-cloud/yandex\"]",
      "instances": [
        {
          "schema_version": 0,
          "attributes": {
            "cluster_id": "c9qfo1i1u9va5u1tbit9",
            "conn_limit": 50,
            "deletion_protection": "unspecified",
            "grants": [],
            "id": "c9qfo1i1u9va5u1tbit9:user",
            "login": true,
            "name": "user",
            "password": "12345678",
            "permission": [],
            "settings": {},
            "timeouts": null
          },
          "sensitive_attributes": [],
          "private": "eyJlMmJmYjczMC1lY2FhLTExZTYtOGY4OC0zNDM2M2JjN2M0YzAiOnsiY3JlYXRlIjo2MDAwMDAwMDAwMDAsImRlbGV0ZSI6NjAwMDAwMDAwMDAwLCJyZWFkIjo2MDAwMDAwMDAwMCwidXBkYXRlIjo2MDAwMDAwMDAwMDB9fQ==",
          "dependencies": [
            "yandex_mdb_postgresql_cluster.otus-lab-db-cluster",
            "yandex_vpc_network.otus-lab",
            "yandex_vpc_security_group.airflow-sg",
            "yandex_vpc_security_group.db-sg",
            "yandex_vpc_subnet.otus-lab-subnet-a"
          ]
        }
      ]
    },
    {
      "mode": "managed",
      "type": "yandex_vpc_network",
      "name": "otus-lab",
      "provider": "provider[\"registry.terraform.io/yandex-cloud/yandex\"]",
      "instances": [
        {
          "schema_version": 0,
          "attributes": {
            "created_at": "2024-05-12T08:53:02Z",
            "default_security_group_id": "enptpaea1hslvnud8lhg",
            "description": "",
            "folder_id": "b1g9aj561n6a8dr74jj8",
            "id": "enp4ke7ar24p1luaepo2",
            "labels": {},
            "name": "otus-lab",
            "subnet_ids": [
              "e9bak36457doa8q5gais",
              "e9bast4dfmb7gvs376ka"
            ],
            "timeouts": null
          },
          "sensitive_attributes": [],
          "private": "eyJlMmJmYjczMC1lY2FhLTExZTYtOGY4OC0zNDM2M2JjN2M0YzAiOnsiY3JlYXRlIjo2MDAwMDAwMDAwMCwiZGVsZXRlIjo2MDAwMDAwMDAwMCwidXBkYXRlIjo2MDAwMDAwMDAwMH19"
        }
      ]
    },
    {
      "mode": "managed",
      "type": "yandex_vpc_security_group",
      "name": "airflow-sg",
      "provider": "provider[\"registry.terraform.io/yandex-cloud/yandex\"]",
      "instances": [
        {
          "schema_version": 0,
          "attributes": {
            "created_at": "2024-05-12T08:53:06Z",
            "description": "Private DB SG",
            "egress": [
              {
                "description": "Egress Access to the open-notify",
                "from_port": -1,
                "id": "enpa6h8kr4pol46orf9n",
                "labels": {},
                "port": 80,
                "predefined_target": "",
                "protocol": "TCP",
                "security_group_id": "",
                "to_port": -1,
                "v4_cidr_blocks": [
                  "138.68.39.196/32"
                ],
                "v6_cidr_blocks": []
              },
              {
                "description": "Egress Access to the postgres",
                "from_port": -1,
                "id": "enpfg4r0obflr442gp1h",
                "labels": {},
                "port": 5432,
                "predefined_target": "",
                "protocol": "TCP",
                "security_group_id": "enpkreq2koflj1s0flhn",
                "to_port": -1,
                "v4_cidr_blocks": [],
                "v6_cidr_blocks": []
              }
            ],
            "folder_id": "b1g9aj561n6a8dr74jj8",
            "id": "enp2stlqe91s8erqh6o5",
            "ingress": [
              {
                "description": "Public access from the Internet",
                "from_port": -1,
                "id": "enp0qfnncq0g5qrmds2q",
                "labels": {},
                "port": 80,
                "predefined_target": "",
                "protocol": "TCP",
                "security_group_id": "",
                "to_port": -1,
                "v4_cidr_blocks": [
                  "0.0.0.0/0"
                ],
                "v6_cidr_blocks": []
              },
              {
                "description": "Public access from the Internet",
                "from_port": -1,
                "id": "enpi0gk3evm6cgc800gq",
                "labels": {},
                "port": 22,
                "predefined_target": "",
                "protocol": "TCP",
                "security_group_id": "",
                "to_port": -1,
                "v4_cidr_blocks": [
                  "0.0.0.0/0"
                ],
                "v6_cidr_blocks": []
              }
            ],
            "labels": {},
            "name": "airflow-sg",
            "network_id": "enp4ke7ar24p1luaepo2",
            "status": "ACTIVE",
            "timeouts": null
          },
          "sensitive_attributes": [],
          "private": "eyJlMmJmYjczMC1lY2FhLTExZTYtOGY4OC0zNDM2M2JjN2M0YzAiOnsiY3JlYXRlIjoxODAwMDAwMDAwMDAsImRlbGV0ZSI6MTgwMDAwMDAwMDAwLCJ1cGRhdGUiOjE4MDAwMDAwMDAwMH19",
          "dependencies": [
            "yandex_vpc_network.otus-lab"
          ]
        }
      ]
    },
    {
      "mode": "managed",
      "type": "yandex_vpc_security_group",
      "name": "db-sg",
      "provider": "provider[\"registry.terraform.io/yandex-cloud/yandex\"]",
      "instances": [
        {
          "schema_version": 0,
          "attributes": {
            "created_at": "2024-05-12T08:57:04Z",
            "description": "Private DB SG",
            "egress": [],
            "folder_id": "b1g9aj561n6a8dr74jj8",
            "id": "enpkreq2koflj1s0flhn",
            "ingress": [
              {
                "description": "Access only from the Airflow VM",
                "from_port": -1,
                "id": "enp10upq99spj2j2lgsq",
                "labels": {},
                "port": 5432,
                "predefined_target": "",
                "protocol": "TCP",
                "security_group_id": "enp2stlqe91s8erqh6o5",
                "to_port": -1,
                "v4_cidr_blocks": [],
                "v6_cidr_blocks": []
              },
              {
                "description": "Access only from the Airflow VM",
                "from_port": -1,
                "id": "enpeo2jvgpsut9763dm5",
                "labels": {},
                "port": -1,
                "predefined_target": "",
                "protocol": "ICMP",
                "security_group_id": "enp2stlqe91s8erqh6o5",
                "to_port": -1,
                "v4_cidr_blocks": [],
                "v6_cidr_blocks": []
              }
            ],
            "labels": {},
            "name": "db-sg",
            "network_id": "enp4ke7ar24p1luaepo2",
            "status": "ACTIVE",
            "timeouts": null
          },
          "sensitive_attributes": [],
          "private": "eyJlMmJmYjczMC1lY2FhLTExZTYtOGY4OC0zNDM2M2JjN2M0YzAiOnsiY3JlYXRlIjoxODAwMDAwMDAwMDAsImRlbGV0ZSI6MTgwMDAwMDAwMDAwLCJ1cGRhdGUiOjE4MDAwMDAwMDAwMH19",
          "dependencies": [
            "yandex_vpc_network.otus-lab",
            "yandex_vpc_security_group.airflow-sg"
          ]
        }
      ]
    },
    {
      "mode": "managed",
      "type": "yandex_vpc_security_group_rule",
      "name": "egress-5432",
      "provider": "provider[\"registry.terraform.io/yandex-cloud/yandex\"]",
      "instances": [
        {
          "schema_version": 0,
          "attributes": {
            "description": "Egress Access to the postgres",
            "direction": "egress",
            "from_port": -1,
            "id": "enpfg4r0obflr442gp1h",
            "labels": {},
            "port": 5432,
            "predefined_target": "",
            "protocol": "TCP",
            "security_group_binding": "enp2stlqe91s8erqh6o5",
            "security_group_id": "enpkreq2koflj1s0flhn",
            "timeouts": null,
            "to_port": -1,
            "v4_cidr_blocks": null,
            "v6_cidr_blocks": null
          },
          "sensitive_attributes": [],
          "private": "eyJlMmJmYjczMC1lY2FhLTExZTYtOGY4OC0zNDM2M2JjN2M0YzAiOnsiY3JlYXRlIjoxODAwMDAwMDAwMDAsImRlbGV0ZSI6MTgwMDAwMDAwMDAwLCJyZWFkIjoxODAwMDAwMDAwMDAsInVwZGF0ZSI6MTgwMDAwMDAwMDAwfX0=",
          "dependencies": [
            "yandex_vpc_network.otus-lab",
            "yandex_vpc_security_group.airflow-sg",
            "yandex_vpc_security_group.db-sg"
          ]
        }
      ]
    },
    {
      "mode": "managed",
      "type": "yandex_vpc_security_group_rule",
      "name": "egress-open-notify",
      "provider": "provider[\"registry.terraform.io/yandex-cloud/yandex\"]",
      "instances": [
        {
          "schema_version": 0,
          "attributes": {
            "description": "Egress Access to the open-notify",
            "direction": "egress",
            "from_port": -1,
            "id": "enpa6h8kr4pol46orf9n",
            "labels": {},
            "port": 80,
            "predefined_target": "",
            "protocol": "TCP",
            "security_group_binding": "enp2stlqe91s8erqh6o5",
            "security_group_id": "",
            "timeouts": null,
            "to_port": -1,
            "v4_cidr_blocks": [
              "138.68.39.196/32"
            ],
            "v6_cidr_blocks": null
          },
          "sensitive_attributes": [],
          "private": "eyJlMmJmYjczMC1lY2FhLTExZTYtOGY4OC0zNDM2M2JjN2M0YzAiOnsiY3JlYXRlIjoxODAwMDAwMDAwMDAsImRlbGV0ZSI6MTgwMDAwMDAwMDAwLCJyZWFkIjoxODAwMDAwMDAwMDAsInVwZGF0ZSI6MTgwMDAwMDAwMDAwfX0=",
          "dependencies": [
            "yandex_vpc_network.otus-lab",
            "yandex_vpc_security_group.airflow-sg"
          ]
        }
      ]
    },
    {
      "mode": "managed",
      "type": "yandex_vpc_security_group_rule",
      "name": "ingress-22",
      "provider": "provider[\"registry.terraform.io/yandex-cloud/yandex\"]",
      "instances": [
        {
          "schema_version": 0,
          "attributes": {
            "description": "Public access from the Internet",
            "direction": "ingress",
            "from_port": -1,
            "id": "enpi0gk3evm6cgc800gq",
            "labels": {},
            "port": 22,
            "predefined_target": "",
            "protocol": "TCP",
            "security_group_binding": "enp2stlqe91s8erqh6o5",
            "security_group_id": "",
            "timeouts": null,
            "to_port": -1,
            "v4_cidr_blocks": [
              "0.0.0.0/0"
            ],
            "v6_cidr_blocks": null
          },
          "sensitive_attributes": [],
          "private": "eyJlMmJmYjczMC1lY2FhLTExZTYtOGY4OC0zNDM2M2JjN2M0YzAiOnsiY3JlYXRlIjoxODAwMDAwMDAwMDAsImRlbGV0ZSI6MTgwMDAwMDAwMDAwLCJyZWFkIjoxODAwMDAwMDAwMDAsInVwZGF0ZSI6MTgwMDAwMDAwMDAwfX0=",
          "dependencies": [
            "yandex_vpc_network.otus-lab",
            "yandex_vpc_security_group.airflow-sg"
          ]
        }
      ]
    },
    {
      "mode": "managed",
      "type": "yandex_vpc_security_group_rule",
      "name": "ingress-80",
      "provider": "provider[\"registry.terraform.io/yandex-cloud/yandex\"]",
      "instances": [
        {
          "schema_version": 0,
          "attributes": {
            "description": "Public access from the Internet",
            "direction": "ingress",
            "from_port": -1,
            "id": "enp0qfnncq0g5qrmds2q",
            "labels": {},
            "port": 80,
            "predefined_target": "",
            "protocol": "TCP",
            "security_group_binding": "enp2stlqe91s8erqh6o5",
            "security_group_id": "",
            "timeouts": null,
            "to_port": -1,
            "v4_cidr_blocks": [
              "0.0.0.0/0"
            ],
            "v6_cidr_blocks": null
          },
          "sensitive_attributes": [],
          "private": "eyJlMmJmYjczMC1lY2FhLTExZTYtOGY4OC0zNDM2M2JjN2M0YzAiOnsiY3JlYXRlIjoxODAwMDAwMDAwMDAsImRlbGV0ZSI6MTgwMDAwMDAwMDAwLCJyZWFkIjoxODAwMDAwMDAwMDAsInVwZGF0ZSI6MTgwMDAwMDAwMDAwfX0=",
          "dependencies": [
            "yandex_vpc_network.otus-lab",
            "yandex_vpc_security_group.airflow-sg"
          ]
        }
      ]
    },
    {
      "mode": "managed",
      "type": "yandex_vpc_subnet",
      "name": "otus-lab-subnet-a",
      "provider": "provider[\"registry.terraform.io/yandex-cloud/yandex\"]",
      "instances": [
        {
          "schema_version": 0,
          "attributes": {
            "created_at": "2024-05-12T08:53:05Z",
            "description": "",
            "dhcp_options": [],
            "folder_id": "b1g9aj561n6a8dr74jj8",
            "id": "e9bak36457doa8q5gais",
            "labels": {},
            "name": "",
            "network_id": "enp4ke7ar24p1luaepo2",
            "route_table_id": "",
            "timeouts": null,
            "v4_cidr_blocks": [
              "10.2.0.0/24"
            ],
            "v6_cidr_blocks": [],
            "zone": "ru-central1-a"
          },
          "sensitive_attributes": [],
          "private": "eyJlMmJmYjczMC1lY2FhLTExZTYtOGY4OC0zNDM2M2JjN2M0YzAiOnsiY3JlYXRlIjoxODAwMDAwMDAwMDAsImRlbGV0ZSI6MTgwMDAwMDAwMDAwLCJ1cGRhdGUiOjE4MDAwMDAwMDAwMH19",
          "dependencies": [
            "yandex_vpc_network.otus-lab"
          ]
        }
      ]
    },
    {
      "mode": "managed",
      "type": "yandex_vpc_subnet",
      "name": "otus-lab-subnet-b",
      "provider": "provider[\"registry.terraform.io/yandex-cloud/yandex\"]",
      "instances": [
        {
          "schema_version": 0,
          "attributes": {
            "created_at": "2024-05-12T08:53:05Z",
            "description": "",
            "dhcp_options": [],
            "folder_id": "b1g9aj561n6a8dr74jj8",
            "id": "e9bast4dfmb7gvs376ka",
            "labels": {},
            "name": "",
            "network_id": "enp4ke7ar24p1luaepo2",
            "route_table_id": "",
            "timeouts": null,
            "v4_cidr_blocks": [
              "10.3.0.0/24"
            ],
            "v6_cidr_blocks": [],
            "zone": "ru-central1-a"
          },
          "sensitive_attributes": [],
          "private": "eyJlMmJmYjczMC1lY2FhLTExZTYtOGY4OC0zNDM2M2JjN2M0YzAiOnsiY3JlYXRlIjoxODAwMDAwMDAwMDAsImRlbGV0ZSI6MTgwMDAwMDAwMDAwLCJ1cGRhdGUiOjE4MDAwMDAwMDAwMH19",
          "dependencies": [
            "yandex_vpc_network.otus-lab"
          ]
        }
      ]
    }
  ],
  "check_results": null
}
